// !$*UTF8*$!
{
	archiveVersion = 1;
	classes = {
	};
	objectVersion = 55;
	objects = {

/* Begin PBXBuildFile section */
		7943734B27DF026E00B4736D /* SwiftUIFirebaseChatApp.swift in Sources */ = {isa = PBXBuildFile; fileRef = 7943734A27DF026E00B4736D /* SwiftUIFirebaseChatApp.swift */; };
		7943734D27DF026E00B4736D /* ContentView.swift in Sources */ = {isa = PBXBuildFile; fileRef = 7943734C27DF026E00B4736D /* ContentView.swift */; };
		7943734F27DF026F00B4736D /* Assets.xcassets in Resources */ = {isa = PBXBuildFile; fileRef = 7943734E27DF026F00B4736D /* Assets.xcassets */; };
		7943735227DF026F00B4736D /* Preview Assets.xcassets in Resources */ = {isa = PBXBuildFile; fileRef = 7943735127DF026F00B4736D /* Preview Assets.xcassets */; };
		7943735C27DF026F00B4736D /* SwiftUIFirebaseChatTests.swift in Sources */ = {isa = PBXBuildFile; fileRef = 7943735B27DF026F00B4736D /* SwiftUIFirebaseChatTests.swift */; };
		7943736627DF026F00B4736D /* SwiftUIFirebaseChatUITests.swift in Sources */ = {isa = PBXBuildFile; fileRef = 7943736527DF026F00B4736D /* SwiftUIFirebaseChatUITests.swift */; };
		7943736827DF026F00B4736D /* SwiftUIFirebaseChatUITestsLaunchTests.swift in Sources */ = {isa = PBXBuildFile; fileRef = 7943736727DF026F00B4736D /* SwiftUIFirebaseChatUITestsLaunchTests.swift */; };
/* End PBXBuildFile section */

/* Begin PBXContainerItemProxy section */
		7943735827DF026F00B4736D /* PBXContainerItemProxy */ = {
			isa = PBXContainerItemProxy;
			containerPortal = 7943733F27DF026E00B4736D /* Project object */;
			proxyType = 1;
			remoteGlobalIDString = 7943734627DF026E00B4736D;
			remoteInfo = SwiftUIFirebaseChat;
		};
		7943736227DF026F00B4736D /* PBXContainerItemProxy */ = {
			isa = PBXContainerItemProxy;
			containerPortal = 7943733F27DF026E00B4736D /* Project object */;
			proxyType = 1;
			remoteGlobalIDString = 7943734627DF026E00B4736D;
			remoteInfo = SwiftUIFirebaseChat;
		};
/* End PBXContainerItemProxy section */

/* Begin PBXFileReference section */
		7943734727DF026E00B4736D /* SwiftUIFirebaseChat.app */ = {isa = PBXFileReference; explicitFileType = wrapper.application; includeInIndex = 0; path = SwiftUIFirebaseChat.app; sourceTree = BUILT_PRODUCTS_DIR; };
		7943734A27DF026E00B4736D /* SwiftUIFirebaseChatApp.swift */ = {isa = PBXFileReference; lastKnownFileType = sourcecode.swift; path = SwiftUIFirebaseChatApp.swift; sourceTree = "<group>"; };
		7943734C27DF026E00B4736D /* ContentView.swift */ = {isa = PBXFileReference; lastKnownFileType = sourcecode.swift; path = ContentView.swift; sourceTree = "<group>"; };
		7943734E27DF026F00B4736D /* Assets.xcassets */ = {isa = PBXFileReference; lastKnownFileType = folder.assetcatalog; path = Assets.xcassets; sourceTree = "<group>"; };
		7943735127DF026F00B4736D /* Preview Assets.xcassets */ = {isa = PBXFileReference; lastKnownFileType = folder.assetcatalog; path = "Preview Assets.xcassets"; sourceTree = "<group>"; };
		7943735727DF026F00B4736D /* SwiftUIFirebaseChatTests.xctest */ = {isa = PBXFileReference; explicitFileType = wrapper.cfbundle; includeInIndex = 0; path = SwiftUIFirebaseChatTests.xctest; sourceTree = BUILT_PRODUCTS_DIR; };
		7943735B27DF026F00B4736D /* SwiftUIFirebaseChatTests.swift */ = {isa = PBXFileReference; lastKnownFileType = sourcecode.swift; path = SwiftUIFirebaseChatTests.swift; sourceTree = "<group>"; };
		7943736127DF026F00B4736D /* SwiftUIFirebaseChatUITests.xctest */ = {isa = PBXFileReference; explicitFileType = wrapper.cfbundle; includeInIndex = 0; path = SwiftUIFirebaseChatUITests.xctest; sourceTree = BUILT_PRODUCTS_DIR; };
		7943736527DF026F00B4736D /* SwiftUIFirebaseChatUITests.swift */ = {isa = PBXFileReference; lastKnownFileType = sourcecode.swift; path = SwiftUIFirebaseChatUITests.swift; sourceTree = "<group>"; };
		7943736727DF026F00B4736D /* SwiftUIFirebaseChatUITestsLaunchTests.swift */ = {isa = PBXFileReference; lastKnownFileType = sourcecode.swift; path = SwiftUIFirebaseChatUITestsLaunchTests.swift; sourceTree = "<group>"; };
/* End PBXFileReference section */

/* Begin PBXFrameworksBuildPhase section */
		7943734427DF026E00B4736D /* Frameworks */ = {
			isa = PBXFrameworksBuildPhase;
			buildActionMask = 2147483647;
			files = (
			);
			runOnlyForDeploymentPostprocessing = 0;
		};
		7943735427DF026F00B4736D /* Frameworks */ = {
			isa = PBXFrameworksBuildPhase;
			buildActionMask = 2147483647;
			files = (
			);
			runOnlyForDeploymentPostprocessing = 0;
		};
		7943735E27DF026F00B4736D /* Frameworks */ = {
			isa = PBXFrameworksBuildPhase;
			buildActionMask = 2147483647;
			files = (
			);
			runOnlyForDeploymentPostprocessing = 0;
		};
/* End PBXFrameworksBuildPhase section */

/* Begin PBXGroup section */
		7943733E27DF026E00B4736D = {
			isa = PBXGroup;
			children = (
				7943734927DF026E00B4736D /* SwiftUIFirebaseChat */,
				7943735A27DF026F00B4736D /* SwiftUIFirebaseChatTests */,
				7943736427DF026F00B4736D /* SwiftUIFirebaseChatUITests */,
				7943734827DF026E00B4736D /* Products */,
			);
			sourceTree = "<group>";
		};
		7943734827DF026E00B4736D /* Products */ = {
			isa = PBXGroup;
			children = (
				7943734727DF026E00B4736D /* SwiftUIFirebaseChat.app */,
				7943735727DF026F00B4736D /* SwiftUIFirebaseChatTests.xctest */,
				7943736127DF026F00B4736D /* SwiftUIFirebaseChatUITests.xctest */,
			);
			name = Products;
			sourceTree = "<group>";
		};
		7943734927DF026E00B4736D /* SwiftUIFirebaseChat */ = {
			isa = PBXGroup;
			children = (
				7943734A27DF026E00B4736D /* SwiftUIFirebaseChatApp.swift */,
				7943734C27DF026E00B4736D /* ContentView.swift */,
				7943734E27DF026F00B4736D /* Assets.xcassets */,
				7943735027DF026F00B4736D /* Preview Content */,
			);
			path = SwiftUIFirebaseChat;
			sourceTree = "<group>";
		};
		7943735027DF026F00B4736D /* Preview Content */ = {
			isa = PBXGroup;
			children = (
				7943735127DF026F00B4736D /* Preview Assets.xcassets */,
			);
			path = "Preview Content";
			sourceTree = "<group>";
		};
		7943735A27DF026F00B4736D /* SwiftUIFirebaseChatTests */ = {
			isa = PBXGroup;
			children = (
				7943735B27DF026F00B4736D /* SwiftUIFirebaseChatTests.swift */,
			);
			path = SwiftUIFirebaseChatTests;
			sourceTree = "<group>";
		};
		7943736427DF026F00B4736D /* SwiftUIFirebaseChatUITests */ = {
			isa = PBXGroup;
			children = (
				7943736527DF026F00B4736D /* SwiftUIFirebaseChatUITests.swift */,
				7943736727DF026F00B4736D /* SwiftUIFirebaseChatUITestsLaunchTests.swift */,
			);
			path = SwiftUIFirebaseChatUITests;
			sourceTree = "<group>";
		};
/* End PBXGroup section */

/* Begin PBXNativeTarget section */
		7943734627DF026E00B4736D /* SwiftUIFirebaseChat */ = {
			isa = PBXNativeTarget;
			buildConfigurationList = 7943736B27DF026F00B4736D /* Build configuration list for PBXNativeTarget "SwiftUIFirebaseChat" */;
			buildPhases = (
				7943734327DF026E00B4736D /* Sources */,
				7943734427DF026E00B4736D /* Frameworks */,
				7943734527DF026E00B4736D /* Resources */,
			);
			buildRules = (
			);
			dependencies = (
			);
			name = SwiftUIFirebaseChat;
			productName = SwiftUIFirebaseChat;
			productReference = 7943734727DF026E00B4736D /* SwiftUIFirebaseChat.app */;
			productType = "com.apple.product-type.application";
		};
		7943735627DF026F00B4736D /* SwiftUIFirebaseChatTests */ = {
			isa = PBXNativeTarget;
			buildConfigurationList = 7943736E27DF026F00B4736D /* Build configuration list for PBXNativeTarget "SwiftUIFirebaseChatTests" */;
			buildPhases = (
				7943735327DF026F00B4736D /* Sources */,
				7943735427DF026F00B4736D /* Frameworks */,
				7943735527DF026F00B4736D /* Resources */,
			);
			buildRules = (
			);
			dependencies = (
				7943735927DF026F00B4736D /* PBXTargetDependency */,
			);
			name = SwiftUIFirebaseChatTests;
			productName = SwiftUIFirebaseChatTests;
			productReference = 7943735727DF026F00B4736D /* SwiftUIFirebaseChatTests.xctest */;
			productType = "com.apple.product-type.bundle.unit-test";
		};
		7943736027DF026F00B4736D /* SwiftUIFirebaseChatUITests */ = {
			isa = PBXNativeTarget;
			buildConfigurationList = 7943737127DF026F00B4736D /* Build configuration list for PBXNativeTarget "SwiftUIFirebaseChatUITests" */;
			buildPhases = (
				7943735D27DF026F00B4736D /* Sources */,
				7943735E27DF026F00B4736D /* Frameworks */,
				7943735F27DF026F00B4736D /* Resources */,
			);
			buildRules = (
			);
			dependencies = (
				7943736327DF026F00B4736D /* PBXTargetDependency */,
			);
			name = SwiftUIFirebaseChatUITests;
			productName = SwiftUIFirebaseChatUITests;
			productReference = 7943736127DF026F00B4736D /* SwiftUIFirebaseChatUITests.xctest */;
			productType = "com.apple.product-type.bundle.ui-testing";
		};
/* End PBXNativeTarget section */

/* Begin PBXProject section */
		7943733F27DF026E00B4736D /* Project object */ = {
			isa = PBXProject;
			attributes = {
				BuildIndependentTargetsInParallel = 1;
				LastSwiftUpdateCheck = 1320;
				LastUpgradeCheck = 1320;
				TargetAttributes = {
					7943734627DF026E00B4736D = {
						CreatedOnToolsVersion = 13.2.1;
					};
					7943735627DF026F00B4736D = {
						CreatedOnToolsVersion = 13.2.1;
						TestTargetID = 7943734627DF026E00B4736D;
					};
					7943736027DF026F00B4736D = {
						CreatedOnToolsVersion = 13.2.1;
						TestTargetID = 7943734627DF026E00B4736D;
					};
				};
			};
			buildConfigurationList = 7943734227DF026E00B4736D /* Build configuration list for PBXProject "SwiftUIFirebaseChat" */;
			compatibilityVersion = "Xcode 13.0";
			developmentRegion = en;
			hasScannedForEncodings = 0;
			knownRegions = (
				en,
				Base,
			);
			mainGroup = 7943733E27DF026E00B4736D;
			productRefGroup = 7943734827DF026E00B4736D /* Products */;
			projectDirPath = "";
			projectRoot = "";
			targets = (
				7943734627DF026E00B4736D /* SwiftUIFirebaseChat */,
				7943735627DF026F00B4736D /* SwiftUIFirebaseChatTests */,
				7943736027DF026F00B4736D /* SwiftUIFirebaseChatUITests */,
			);
		};
/* End PBXProject section */

/* Begin PBXResourcesBuildPhase section */
		7943734527DF026E00B4736D /* Resources */ = {
			isa = PBXResourcesBuildPhase;
			buildActionMask = 2147483647;
			files = (
				7943735227DF026F00B4736D /* Preview Assets.xcassets in Resources */,
				7943734F27DF026F00B4736D /* Assets.xcassets in Resources */,
			);
			runOnlyForDeploymentPostprocessing = 0;
		};
		7943735527DF026F00B4736D /* Resources */ = {
			isa = PBXResourcesBuildPhase;
			buildActionMask = 2147483647;
			files = (
			);
			runOnlyForDeploymentPostprocessing = 0;
		};
		7943735F27DF026F00B4736D /* Resources */ = {
			isa = PBXResourcesBuildPhase;
			buildActionMask = 2147483647;
			files = (
			);
			runOnlyForDeploymentPostprocessing = 0;
		};
/* End PBXResourcesBuildPhase section */

/* Begin PBXSourcesBuildPhase section */
		7943734327DF026E00B4736D /* Sources */ = {
			isa = PBXSourcesBuildPhase;
			buildActionMask = 2147483647;
			files = (
				7943734D27DF026E00B4736D /* ContentView.swift in Sources */,
				7943734B27DF026E00B4736D /* SwiftUIFirebaseChatApp.swift in Sources */,
			);
			runOnlyForDeploymentPostprocessing = 0;
		};
		7943735327DF026F00B4736D /* Sources */ = {
			isa = PBXSourcesBuildPhase;
			buildActionMask = 2147483647;
			files = (
				7943735C27DF026F00B4736D /* SwiftUIFirebaseChatTests.swift in Sources */,
			);
			runOnlyForDeploymentPostprocessing = 0;
		};
		7943735D27DF026F00B4736D /* Sources */ = {
			isa = PBXSourcesBuildPhase;
			buildActionMask = 2147483647;
			files = (
				7943736627DF026F00B4736D /* SwiftUIFirebaseChatUITests.swift in Sources */,
				7943736827DF026F00B4736D /* SwiftUIFirebaseChatUITestsLaunchTests.swift in Sources */,
			);
			runOnlyForDeploymentPostprocessing = 0;
		};
/* End PBXSourcesBuildPhase section */

/* Begin PBXTargetDependency section */
		7943735927DF026F00B4736D /* PBXTargetDependency */ = {
			isa = PBXTargetDependency;
			target = 7943734627DF026E00B4736D /* SwiftUIFirebaseChat */;
			targetProxy = 7943735827DF026F00B4736D /* PBXContainerItemProxy */;
		};
		7943736327DF026F00B4736D /* PBXTargetDependency */ = {
			isa = PBXTargetDependency;
			target = 7943734627DF026E00B4736D /* SwiftUIFirebaseChat */;
			targetProxy = 7943736227DF026F00B4736D /* PBXContainerItemProxy */;
		};
/* End PBXTargetDependency section */

/* Begin XCBuildConfiguration section */
		7943736927DF026F00B4736D /* Debug */ = {
			isa = XCBuildConfiguration;
			buildSettings = {
				ALWAYS_SEARCH_USER_PATHS = NO;
				CLANG_ANALYZER_NONNULL = YES;
				CLANG_ANALYZER_NUMBER_OBJECT_CONVERSION = YES_AGGRESSIVE;
				CLANG_CXX_LANGUAGE_STANDARD = "gnu++17";
				CLANG_CXX_LIBRARY = "libc++";
				CLANG_ENABLE_MODULES = YES;
				CLANG_ENABLE_OBJC_ARC = YES;
				CLANG_ENABLE_OBJC_WEAK = YES;
				CLANG_WARN_BLOCK_CAPTURE_AUTORELEASING = YES;
				CLANG_WARN_BOOL_CONVERSION = YES;
				CLANG_WARN_COMMA = YES;
				CLANG_WARN_CONSTANT_CONVERSION = YES;
				CLANG_WARN_DEPRECATED_OBJC_IMPLEMENTATIONS = YES;
				CLANG_WARN_DIRECT_OBJC_ISA_USAGE = YES_ERROR;
				CLANG_WARN_DOCUMENTATION_COMMENTS = YES;
				CLANG_WARN_EMPTY_BODY = YES;
				CLANG_WARN_ENUM_CONVERSION = YES;
				CLANG_WARN_INFINITE_RECURSION = YES;
				CLANG_WARN_INT_CONVERSION = YES;
				CLANG_WARN_NON_LITERAL_NULL_CONVERSION = YES;
				CLANG_WARN_OBJC_IMPLICIT_RETAIN_SELF = YES;
				CLANG_WARN_OBJC_LITERAL_CONVERSION = YES;
				CLANG_WARN_OBJC_ROOT_CLASS = YES_ERROR;
				CLANG_WARN_QUOTED_INCLUDE_IN_FRAMEWORK_HEADER = YES;
				CLANG_WARN_RANGE_LOOP_ANALYSIS = YES;
				CLANG_WARN_STRICT_PROTOTYPES = YES;
				CLANG_WARN_SUSPICIOUS_MOVE = YES;
				CLANG_WARN_UNGUARDED_AVAILABILITY = YES_AGGRESSIVE;
				CLANG_WARN_UNREACHABLE_CODE = YES;
				CLANG_WARN__DUPLICATE_METHOD_MATCH = YES;
				COPY_PHASE_STRIP = NO;
				DEBUG_INFORMATION_FORMAT = dwarf;
				ENABLE_STRICT_OBJC_MSGSEND = YES;
				ENABLE_TESTABILITY = YES;
				GCC_C_LANGUAGE_STANDARD = gnu11;
				GCC_DYNAMIC_NO_PIC = NO;
				GCC_NO_COMMON_BLOCKS = YES;
				GCC_OPTIMIZATION_LEVEL = 0;
				GCC_PREPROCESSOR_DEFINITIONS = (
					"DEBUG=1",
					"$(inherited)",
				);
				GCC_WARN_64_TO_32_BIT_CONVERSION = YES;
				GCC_WARN_ABOUT_RETURN_TYPE = YES_ERROR;
				GCC_WARN_UNDECLARED_SELECTOR = YES;
				GCC_WARN_UNINITIALIZED_AUTOS = YES_AGGRESSIVE;
				GCC_WARN_UNUSED_FUNCTION = YES;
				GCC_WARN_UNUSED_VARIABLE = YES;
				IPHONEOS_DEPLOYMENT_TARGET = 15.2;
				MTL_ENABLE_DEBUG_INFO = INCLUDE_SOURCE;
				MTL_FAST_MATH = YES;
				ONLY_ACTIVE_ARCH = YES;
				SDKROOT = iphoneos;
				SWIFT_ACTIVE_COMPILATION_CONDITIONS = DEBUG;
				SWIFT_OPTIMIZATION_LEVEL = "-Onone";
			};
			name = Debug;
		};
		7943736A27DF026F00B4736D /* Release */ = {
			isa = XCBuildConfiguration;
			buildSettings = {
				ALWAYS_SEARCH_USER_PATHS = NO;
				CLANG_ANALYZER_NONNULL = YES;
				CLANG_ANALYZER_NUMBER_OBJECT_CONVERSION = YES_AGGRESSIVE;
				CLANG_CXX_LANGUAGE_STANDARD = "gnu++17";
				CLANG_CXX_LIBRARY = "libc++";
				CLANG_ENABLE_MODULES = YES;
				CLANG_ENABLE_OBJC_ARC = YES;
				CLANG_ENABLE_OBJC_WEAK = YES;
				CLANG_WARN_BLOCK_CAPTURE_AUTORELEASING = YES;
				CLANG_WARN_BOOL_CONVERSION = YES;
				CLANG_WARN_COMMA = YES;
				CLANG_WARN_CONSTANT_CONVERSION = YES;
				CLANG_WARN_DEPRECATED_OBJC_IMPLEMENTATIONS = YES;
				CLANG_WARN_DIRECT_OBJC_ISA_USAGE = YES_ERROR;
				CLANG_WARN_DOCUMENTATION_COMMENTS = YES;
				CLANG_WARN_EMPTY_BODY = YES;
				CLANG_WARN_ENUM_CONVERSION = YES;
				CLANG_WARN_INFINITE_RECURSION = YES;
				CLANG_WARN_INT_CONVERSION = YES;
				CLANG_WARN_NON_LITERAL_NULL_CONVERSION = YES;
				CLANG_WARN_OBJC_IMPLICIT_RETAIN_SELF = YES;
				CLANG_WARN_OBJC_LITERAL_CONVERSION = YES;
				CLANG_WARN_OBJC_ROOT_CLASS = YES_ERROR;
				CLANG_WARN_QUOTED_INCLUDE_IN_FRAMEWORK_HEADER = YES;
				CLANG_WARN_RANGE_LOOP_ANALYSIS = YES;
				CLANG_WARN_STRICT_PROTOTYPES = YES;
				CLANG_WARN_SUSPICIOUS_MOVE = YES;
				CLANG_WARN_UNGUARDED_AVAILABILITY = YES_AGGRESSIVE;
				CLANG_WARN_UNREACHABLE_CODE = YES;
				CLANG_WARN__DUPLICATE_METHOD_MATCH = YES;
				COPY_PHASE_STRIP = NO;
				DEBUG_INFORMATION_FORMAT = "dwarf-with-dsym";
				ENABLE_NS_ASSERTIONS = NO;
				ENABLE_STRICT_OBJC_MSGSEND = YES;
				GCC_C_LANGUAGE_STANDARD = gnu11;
				GCC_NO_COMMON_BLOCKS = YES;
				GCC_WARN_64_TO_32_BIT_CONVERSION = YES;
				GCC_WARN_ABOUT_RETURN_TYPE = YES_ERROR;
				GCC_WARN_UNDECLARED_SELECTOR = YES;
				GCC_WARN_UNINITIALIZED_AUTOS = YES_AGGRESSIVE;
				GCC_WARN_UNUSED_FUNCTION = YES;
				GCC_WARN_UNUSED_VARIABLE = YES;
				IPHONEOS_DEPLOYMENT_TARGET = 15.2;
				MTL_ENABLE_DEBUG_INFO = NO;
				MTL_FAST_MATH = YES;
				SDKROOT = iphoneos;
				SWIFT_COMPILATION_MODE = wholemodule;
				SWIFT_OPTIMIZATION_LEVEL = "-O";
				VALIDATE_PRODUCT = YES;
			};
			name = Release;
		};
		7943736C27DF026F00B4736D /* Debug */ = {
			isa = XCBuildConfiguration;
			buildSettings = {
				ASSETCATALOG_COMPILER_APPICON_NAME = AppIcon;
				ASSETCATALOG_COMPILER_GLOBAL_ACCENT_COLOR_NAME = AccentColor;
				CODE_SIGN_STYLE = Automatic;
				CURRENT_PROJECT_VERSION = 1;
				DEVELOPMENT_ASSET_PATHS = "\"SwiftUIFirebaseChat/Preview Content\"";
				DEVELOPMENT_TEAM = D4RQLUZ88Q;
				ENABLE_PREVIEWS = YES;
				GENERATE_INFOPLIST_FILE = YES;
				INFOPLIST_KEY_UIApplicationSceneManifest_Generation = YES;
				INFOPLIST_KEY_UIApplicationSupportsIndirectInputEvents = YES;
				INFOPLIST_KEY_UILaunchScreen_Generation = YES;
				INFOPLIST_KEY_UISupportedInterfaceOrientations_iPad = "UIInterfaceOrientationPortrait UIInterfaceOrientationPortraitUpsideDown UIInterfaceOrientationLandscapeLeft UIInterfaceOrientationLandscapeRight";
				INFOPLIST_KEY_UISupportedInterfaceOrientations_iPhone = "UIInterfaceOrientationPortrait UIInterfaceOrientationLandscapeLeft UIInterfaceOrientationLandscapeRight";
				LD_RUNPATH_SEARCH_PATHS = (
					"$(inherited)",
					"@executable_path/Frameworks",
				);
				MARKETING_VERSION = 1.0;
				PRODUCT_BUNDLE_IDENTIFIER = code.SwiftUIFirebaseChat;
				PRODUCT_NAME = "$(TARGET_NAME)";
				SWIFT_EMIT_LOC_STRINGS = YES;
				SWIFT_VERSION = 5.0;
				TARGETED_DEVICE_FAMILY = "1,2";
			};
			name = Debug;
		};
		7943736D27DF026F00B4736D /* Release */ = {
			isa = XCBuildConfiguration;
			buildSettings = {
				ASSETCATALOG_COMPILER_APPICON_NAME = AppIcon;
				ASSETCATALOG_COMPILER_GLOBAL_ACCENT_COLOR_NAME = AccentColor;
				CODE_SIGN_STYLE = Automatic;
				CURRENT_PROJECT_VERSION = 1;
				DEVELOPMENT_ASSET_PATHS = "\"SwiftUIFirebaseChat/Preview Content\"";
				DEVELOPMENT_TEAM = D4RQLUZ88Q;
				ENABLE_PREVIEWS = YES;
				GENERATE_INFOPLIST_FILE = YES;
				INFOPLIST_KEY_UIApplicationSceneManifest_Generation = YES;
				INFOPLIST_KEY_UIApplicationSupportsIndirectInputEvents = YES;
				INFOPLIST_KEY_UILaunchScreen_Generation = YES;
				INFOPLIST_KEY_UISupportedInterfaceOrientations_iPad = "UIInterfaceOrientationPortrait UIInterfaceOrientationPortraitUpsideDown UIInterfaceOrientationLandscapeLeft UIInterfaceOrientationLandscapeRight";
				INFOPLIST_KEY_UISupportedInterfaceOrientations_iPhone = "UIInterfaceOrientationPortrait UIInterfaceOrientationLandscapeLeft UIInterfaceOrientationLandscapeRight";
				LD_RUNPATH_SEARCH_PATHS = (
					"$(inherited)",
					"@executable_path/Frameworks",
				);
				MARKETING_VERSION = 1.0;
				PRODUCT_BUNDLE_IDENTIFIER = code.SwiftUIFirebaseChat;
				PRODUCT_NAME = "$(TARGET_NAME)";
				SWIFT_EMIT_LOC_STRINGS = YES;
				SWIFT_VERSION = 5.0;
				TARGETED_DEVICE_FAMILY = "1,2";
			};
			name = Release;
		};
		7943736F27DF026F00B4736D /* Debug */ = {
			isa = XCBuildConfiguration;
			buildSettings = {
				ALWAYS_EMBED_SWIFT_STANDARD_LIBRARIES = YES;
				BUNDLE_LOADER = "$(TEST_HOST)";
				CODE_SIGN_STYLE = Automatic;
				CURRENT_PROJECT_VERSION = 1;
				DEVELOPMENT_TEAM = D4RQLUZ88Q;
				GENERATE_INFOPLIST_FILE = YES;
				IPHONEOS_DEPLOYMENT_TARGET = 15.2;
				MARKETING_VERSION = 1.0;
				PRODUCT_BUNDLE_IDENTIFIER = code.SwiftUIFirebaseChatTests;
				PRODUCT_NAME = "$(TARGET_NAME)";
				SWIFT_EMIT_LOC_STRINGS = NO;
				SWIFT_VERSION = 5.0;
				TARGETED_DEVICE_FAMILY = "1,2";
				TEST_HOST = "$(BUILT_PRODUCTS_DIR)/SwiftUIFirebaseChat.app/SwiftUIFirebaseChat";
			};
			name = Debug;
		};
		7943737027DF026F00B4736D /* Release */ = {
			isa = XCBuildConfiguration;
			buildSettings = {
				ALWAYS_EMBED_SWIFT_STANDARD_LIBRARIES = YES;
				BUNDLE_LOADER = "$(TEST_HOST)";
				CODE_SIGN_STYLE = Automatic;
				CURRENT_PROJECT_VERSION = 1;
				DEVELOPMENT_TEAM = D4RQLUZ88Q;
				GENERATE_INFOPLIST_FILE = YES;
				IPHONEOS_DEPLOYMENT_TARGET = 15.2;
				MARKETING_VERSION = 1.0;
				PRODUCT_BUNDLE_IDENTIFIER = code.SwiftUIFirebaseChatTests;
				PRODUCT_NAME = "$(TARGET_NAME)";
				SWIFT_EMIT_LOC_STRINGS = NO;
				SWIFT_VERSION = 5.0;
				TARGETED_DEVICE_FAMILY = "1,2";
				TEST_HOST = "$(BUILT_PRODUCTS_DIR)/SwiftUIFirebaseChat.app/SwiftUIFirebaseChat";
			};
			name = Release;
		};
		7943737227DF026F00B4736D /* Debug */ = {
			isa = XCBuildConfiguration;
			buildSettings = {
				ALWAYS_EMBED_SWIFT_STANDARD_LIBRARIES = YES;
				CODE_SIGN_STYLE = Automatic;
				CURRENT_PROJECT_VERSION = 1;
				DEVELOPMENT_TEAM = D4RQLUZ88Q;
				GENERATE_INFOPLIST_FILE = YES;
				MARKETING_VERSION = 1.0;
				PRODUCT_BUNDLE_IDENTIFIER = code.SwiftUIFirebaseChatUITests;
				PRODUCT_NAME = "$(TARGET_NAME)";
				SWIFT_EMIT_LOC_STRINGS = NO;
				SWIFT_VERSION = 5.0;
				TARGETED_DEVICE_FAMILY = "1,2";
				TEST_TARGET_NAME = SwiftUIFirebaseChat;
			};
			name = Debug;
		};
		7943737327DF026F00B4736D /* Release */ = {
			isa = XCBuildConfiguration;
			buildSettings = {
				ALWAYS_EMBED_SWIFT_STANDARD_LIBRARIES = YES;
				CODE_SIGN_STYLE = Automatic;
				CURRENT_PROJECT_VERSION = 1;
				DEVELOPMENT_TEAM = D4RQLUZ88Q;
				GENERATE_INFOPLIST_FILE = YES;
				MARKETING_VERSION = 1.0;
				PRODUCT_BUNDLE_IDENTIFIER = code.SwiftUIFirebaseChatUITests;
				PRODUCT_NAME = "$(TARGET_NAME)";
				SWIFT_EMIT_LOC_STRINGS = NO;
				SWIFT_VERSION = 5.0;
				TARGETED_DEVICE_FAMILY = "1,2";
				TEST_TARGET_NAME = SwiftUIFirebaseChat;
			};
			name = Release;
		};
/* End XCBuildConfiguration section */

/* Begin XCConfigurationList section */
		7943734227DF026E00B4736D /* Build configuration list for PBXProject "SwiftUIFirebaseChat" */ = {
			isa = XCConfigurationList;
			buildConfigurations = (
				7943736927DF026F00B4736D /* Debug */,
				7943736A27DF026F00B4736D /* Release */,
			);
			defaultConfigurationIsVisible = 0;
			defaultConfigurationName = Release;
		};
		7943736B27DF026F00B4736D /* Build configuration list for PBXNativeTarget "SwiftUIFirebaseChat" */ = {
			isa = XCConfigurationList;
			buildConfigurations = (
				7943736C27DF026F00B4736D /* Debug */,
				7943736D27DF026F00B4736D /* Release */,
			);
			defaultConfigurationIsVisible = 0;
			defaultConfigurationName = Release;
		};
		7943736E27DF026F00B4736D /* Build configuration list for PBXNativeTarget "SwiftUIFirebaseChatTests" */ = {
			isa = XCConfigurationList;
			buildConfigurations = (
				7943736F27DF026F00B4736D /* Debug */,
				7943737027DF026F00B4736D /* Release */,
			);
			defaultConfigurationIsVisible = 0;
			defaultConfigurationName = Release;
		};
		7943737127DF026F00B4736D /* Build configuration list for PBXNativeTarget "SwiftUIFirebaseChatUITests" */ = {
			isa = XCConfigurationList;
			buildConfigurations = (
				7943737227DF026F00B4736D /* Debug */,
				7943737327DF026F00B4736D /* Release */,
			);
			defaultConfigurationIsVisible = 0;
			defaultConfigurationName = Release;
		};
/* End XCConfigurationList section */
	};
	rootObject = 7943733F27DF026E00B4736D /* Project object */;
}
